
Microsoft Visual Studio Solution File, Format Version 12.00
# Visual Studio Version 17
VisualStudioVersion = 17.14.36429.23
MinimumVisualStudioVersion = 10.0.40219.1
Project("{FAE04EC0-301F-11D3-BF4B-00C04F79EFBC}") = "SimpleMovieSalaryAPI", "SimpleMovieSalaryAPI\SimpleMovieSalaryAPI.csproj", "{E57ED819-BD1A-4615-9AAA-1FF1593D0D46}"
EndProject
Project("{FAE04EC0-301F-11D3-BF4B-00C04F79EFBC}") = "SimpleMovieSalaryWebApp", "SimpleMovieSalaryWebApp\SimpleMovieSalaryWebApp.csproj", "{CA829A99-1079-4BC9-9281-A0106B791B7D}"
EndProject
Global
	GlobalSection(SolutionConfigurationPlatforms) = preSolution
		Debug|Any CPU = Debug|Any CPU
		Release|Any CPU = Release|Any CPU
	EndGlobalSection
	GlobalSection(ProjectConfigurationPlatforms) = postSolution
		{E57ED819-BD1A-4615-9AAA-1FF1593D0D46}.Debug|Any CPU.ActiveCfg = Debug|Any CPU
		{E57ED819-BD1A-4615-9AAA-1FF1593D0D46}.Debug|Any CPU.Build.0 = Debug|Any CPU
		{E57ED819-BD1A-4615-9AAA-1FF1593D0D46}.Release|Any CPU.ActiveCfg = Release|Any CPU
		{E57ED819-BD1A-4615-9AAA-1FF1593D0D46}.Release|Any CPU.Build.0 = Release|Any CPU
		{CA829A99-1079-4BC9-9281-A0106B791B7D}.Debug|Any CPU.ActiveCfg = Debug|Any CPU
		{CA829A99-1079-4BC9-9281-A0106B791B7D}.Debug|Any CPU.Build.0 = Debug|Any CPU
		{CA829A99-1079-4BC9-9281-A0106B791B7D}.Release|Any CPU.ActiveCfg = Release|Any CPU
		{CA829A99-1079-4BC9-9281-A0106B791B7D}.Release|Any CPU.Build.0 = Release|Any CPU
	EndGlobalSection
	GlobalSection(SolutionProperties) = preSolution
		HideSolutionNode = FALSE
	EndGlobalSection
	GlobalSection(ExtensibilityGlobals) = postSolution
		SolutionGuid = {C62F8A27-5A49-4C54-AF74-1E5F88894FF6}
	EndGlobalSection
EndGlobal
